
Microsoft Visual Studio Solution File, Format Version 12.00
# Visual Studio Version 17
VisualStudioVersion = 17.3.32929.385
MinimumVisualStudioVersion = 10.0.40219.1
Project("{FAE04EC0-301F-11D3-BF4B-00C04F79EFBC}") = "ConsoleApp64", "ConsoleApp64\ConsoleApp64.csproj", "{8DA5C5DA-B6BB-4A12-8C4A-332F517B5AAD}"
EndProject
Global
	GlobalSection(SolutionConfigurationPlatforms) = preSolution
		Debug|Any CPU = Debug|Any CPU
		Release|Any CPU = Release|Any CPU
	EndGlobalSection
	GlobalSection(ProjectConfigurationPlatforms) = postSolution
		{8DA5C5DA-B6BB-4A12-8C4A-332F517B5AAD}.Debug|Any CPU.ActiveCfg = Debug|Any CPU
		{8DA5C5DA-B6BB-4A12-8C4A-332F517B5AAD}.Debug|Any CPU.Build.0 = Debug|Any CPU
		{8DA5C5DA-B6BB-4A12-8C4A-332F517B5AAD}.Release|Any CPU.ActiveCfg = Release|Any CPU
		{8DA5C5DA-B6BB-4A12-8C4A-332F517B5AAD}.Release|Any CPU.Build.0 = Release|Any CPU
	EndGlobalSection
	GlobalSection(SolutionProperties) = preSolution
		HideSolutionNode = FALSE
	EndGlobalSection
	GlobalSection(ExtensibilityGlobals) = postSolution
		SolutionGuid = {348B6EC1-D05E-47DA-9887-73F89165D451}
	EndGlobalSection
EndGlobal
